
Microsoft Visual Studio Solution File, Format Version 12.00
# Visual Studio 2013
VisualStudioVersion = 12.0.21005.1
MinimumVisualStudioVersion = 10.0.40219.1
Project("{FAE04EC0-301F-11D3-BF4B-00C04F79EFBC}") = "AuctionSystem", "AuctionSystem\AuctionSystem.csproj", "{024EE186-48E7-4A85-906E-4A55F0524EA1}"
EndProject
Global
	GlobalSection(SolutionConfigurationPlatforms) = preSolution
		Debug|Any CPU = Debug|Any CPU
		Release|Any CPU = Release|Any CPU
	EndGlobalSection
	GlobalSection(ProjectConfigurationPlatforms) = postSolution
		{024EE186-48E7-4A85-906E-4A55F0524EA1}.Debug|Any CPU.ActiveCfg = Debug|Any CPU
		{024EE186-48E7-4A85-906E-4A55F0524EA1}.Debug|Any CPU.Build.0 = Debug|Any CPU
		{024EE186-48E7-4A85-906E-4A55F0524EA1}.Release|Any CPU.ActiveCfg = Release|Any CPU
		{024EE186-48E7-4A85-906E-4A55F0524EA1}.Release|Any CPU.Build.0 = Release|Any CPU
	EndGlobalSection
	GlobalSection(SolutionProperties) = preSolution
		HideSolutionNode = FALSE
	EndGlobalSection
EndGlobal
